
Microsoft Visual Studio Solution File, Format Version 12.00
# Visual Studio Version 16
VisualStudioVersion = 16.0.32228.343
MinimumVisualStudioVersion = 10.0.40219.1
Project("{FAE04EC0-301F-11D3-BF4B-00C04F79EFBC}") = "Branching Submission Assignment", "Branching Submission Assignment\Branching Submission Assignment.csproj", "{3C9AC61F-0080-4D60-BC77-50FE88689AAF}"
EndProject
Global
	GlobalSection(SolutionConfigurationPlatforms) = preSolution
		Debug|Any CPU = Debug|Any CPU
		Release|Any CPU = Release|Any CPU
	EndGlobalSection
	GlobalSection(ProjectConfigurationPlatforms) = postSolution
		{3C9AC61F-0080-4D60-BC77-50FE88689AAF}.Debug|Any CPU.ActiveCfg = Debug|Any CPU
		{3C9AC61F-0080-4D60-BC77-50FE88689AAF}.Debug|Any CPU.Build.0 = Debug|Any CPU
		{3C9AC61F-0080-4D60-BC77-50FE88689AAF}.Release|Any CPU.ActiveCfg = Release|Any CPU
		{3C9AC61F-0080-4D60-BC77-50FE88689AAF}.Release|Any CPU.Build.0 = Release|Any CPU
	EndGlobalSection
	GlobalSection(SolutionProperties) = preSolution
		HideSolutionNode = FALSE
	EndGlobalSection
	GlobalSection(ExtensibilityGlobals) = postSolution
		SolutionGuid = {BFCD38CB-5A73-4F36-8740-E5C46FC757B2}
	EndGlobalSection
EndGlobal
