
Microsoft Visual Studio Solution File, Format Version 12.00
# Visual Studio Version 16
VisualStudioVersion = 16.0.32228.343
MinimumVisualStudioVersion = 10.0.40219.1
Project("{FAE04EC0-301F-11D3-BF4B-00C04F79EFBC}") = "LambdaSubmission", "LambdaSubmission\LambdaSubmission.csproj", "{62A26EAB-DAA1-4C94-B279-5002CF2B2E12}"
EndProject
Global
	GlobalSection(SolutionConfigurationPlatforms) = preSolution
		Debug|Any CPU = Debug|Any CPU
		Release|Any CPU = Release|Any CPU
	EndGlobalSection
	GlobalSection(ProjectConfigurationPlatforms) = postSolution
		{62A26EAB-DAA1-4C94-B279-5002CF2B2E12}.Debug|Any CPU.ActiveCfg = Debug|Any CPU
		{62A26EAB-DAA1-4C94-B279-5002CF2B2E12}.Debug|Any CPU.Build.0 = Debug|Any CPU
		{62A26EAB-DAA1-4C94-B279-5002CF2B2E12}.Release|Any CPU.ActiveCfg = Release|Any CPU
		{62A26EAB-DAA1-4C94-B279-5002CF2B2E12}.Release|Any CPU.Build.0 = Release|Any CPU
	EndGlobalSection
	GlobalSection(SolutionProperties) = preSolution
		HideSolutionNode = FALSE
	EndGlobalSection
	GlobalSection(ExtensibilityGlobals) = postSolution
		SolutionGuid = {FB0BECAF-3FB5-4174-8AD5-94B84F28E1F7}
	EndGlobalSection
EndGlobal
