
Microsoft Visual Studio Solution File, Format Version 12.00
# Visual Studio Version 16
VisualStudioVersion = 16.0.32228.343
MinimumVisualStudioVersion = 10.0.40219.1
Project("{FAE04EC0-301F-11D3-BF4B-00C04F79EFBC}") = "MathAndComparisonOperatorSubmission", "MathAndComparisonOperatorSubmission\MathAndComparisonOperatorSubmission.csproj", "{415F51FA-E4BA-43EA-BF8E-0A97E122CA64}"
EndProject
Global
	GlobalSection(SolutionConfigurationPlatforms) = preSolution
		Debug|Any CPU = Debug|Any CPU
		Release|Any CPU = Release|Any CPU
	EndGlobalSection
	GlobalSection(ProjectConfigurationPlatforms) = postSolution
		{415F51FA-E4BA-43EA-BF8E-0A97E122CA64}.Debug|Any CPU.ActiveCfg = Debug|Any CPU
		{415F51FA-E4BA-43EA-BF8E-0A97E122CA64}.Debug|Any CPU.Build.0 = Debug|Any CPU
		{415F51FA-E4BA-43EA-BF8E-0A97E122CA64}.Release|Any CPU.ActiveCfg = Release|Any CPU
		{415F51FA-E4BA-43EA-BF8E-0A97E122CA64}.Release|Any CPU.Build.0 = Release|Any CPU
	EndGlobalSection
	GlobalSection(SolutionProperties) = preSolution
		HideSolutionNode = FALSE
	EndGlobalSection
	GlobalSection(ExtensibilityGlobals) = postSolution
		SolutionGuid = {A319DB1B-4FE9-413A-85C6-9F242CCE5B4A}
	EndGlobalSection
EndGlobal
