
Microsoft Visual Studio Solution File, Format Version 12.00
# Visual Studio Version 16
VisualStudioVersion = 16.0.32228.343
MinimumVisualStudioVersion = 10.0.40219.1
Project("{FAE04EC0-301F-11D3-BF4B-00C04F79EFBC}") = "Loops", "Loops\Loops.csproj", "{C1B8CB68-F229-4545-BA56-792A29F9897F}"
EndProject
Global
	GlobalSection(SolutionConfigurationPlatforms) = preSolution
		Debug|Any CPU = Debug|Any CPU
		Release|Any CPU = Release|Any CPU
	EndGlobalSection
	GlobalSection(ProjectConfigurationPlatforms) = postSolution
		{C1B8CB68-F229-4545-BA56-792A29F9897F}.Debug|Any CPU.ActiveCfg = Debug|Any CPU
		{C1B8CB68-F229-4545-BA56-792A29F9897F}.Debug|Any CPU.Build.0 = Debug|Any CPU
		{C1B8CB68-F229-4545-BA56-792A29F9897F}.Release|Any CPU.ActiveCfg = Release|Any CPU
		{C1B8CB68-F229-4545-BA56-792A29F9897F}.Release|Any CPU.Build.0 = Release|Any CPU
	EndGlobalSection
	GlobalSection(SolutionProperties) = preSolution
		HideSolutionNode = FALSE
	EndGlobalSection
	GlobalSection(ExtensibilityGlobals) = postSolution
		SolutionGuid = {D22417BD-BFD3-45EE-B758-3B478E053ADC}
	EndGlobalSection
EndGlobal
