
Microsoft Visual Studio Solution File, Format Version 12.00
# Visual Studio Version 16
VisualStudioVersion = 16.0.32228.343
MinimumVisualStudioVersion = 10.0.40219.1
Project("{FAE04EC0-301F-11D3-BF4B-00C04F79EFBC}") = "MainMethodAssignment", "MainMethodAssignment\MainMethodAssignment.csproj", "{9382C6C5-1898-4256-AA5B-3A670256DDEF}"
EndProject
Global
	GlobalSection(SolutionConfigurationPlatforms) = preSolution
		Debug|Any CPU = Debug|Any CPU
		Release|Any CPU = Release|Any CPU
	EndGlobalSection
	GlobalSection(ProjectConfigurationPlatforms) = postSolution
		{9382C6C5-1898-4256-AA5B-3A670256DDEF}.Debug|Any CPU.ActiveCfg = Debug|Any CPU
		{9382C6C5-1898-4256-AA5B-3A670256DDEF}.Debug|Any CPU.Build.0 = Debug|Any CPU
		{9382C6C5-1898-4256-AA5B-3A670256DDEF}.Release|Any CPU.ActiveCfg = Release|Any CPU
		{9382C6C5-1898-4256-AA5B-3A670256DDEF}.Release|Any CPU.Build.0 = Release|Any CPU
	EndGlobalSection
	GlobalSection(SolutionProperties) = preSolution
		HideSolutionNode = FALSE
	EndGlobalSection
	GlobalSection(ExtensibilityGlobals) = postSolution
		SolutionGuid = {41F14887-9305-4950-A68C-12F391405937}
	EndGlobalSection
EndGlobal
